Microsoft Visual Studio Solution File, Format Version 12.00
# Visual Studio Version 17
VisualStudioVersion = 17.5.2.0
MinimumVisualStudioVersion = 10.0.40219.1
Project("{FAE04EC0-301F-11D3-BF4B-00C04F79EFBC}") = "parkway.api", "parkway.api.csproj", "{B81B3FCF-5A1F-4981-CA96-9C67FB6DA435}"
EndProject
Global
	GlobalSection(SolutionConfigurationPlatforms) = preSolution
		Debug|Any CPU = Debug|Any CPU
		Release|Any CPU = Release|Any CPU
	EndGlobalSection
	GlobalSection(ProjectConfigurationPlatforms) = postSolution
		{B81B3FCF-5A1F-4981-CA96-9C67FB6DA435}.Debug|Any CPU.ActiveCfg = Debug|Any CPU
		{B81B3FCF-5A1F-4981-CA96-9C67FB6DA435}.Debug|Any CPU.Build.0 = Debug|Any CPU
		{B81B3FCF-5A1F-4981-CA96-9C67FB6DA435}.Release|Any CPU.ActiveCfg = Release|Any CPU
		{B81B3FCF-5A1F-4981-CA96-9C67FB6DA435}.Release|Any CPU.Build.0 = Release|Any CPU
	EndGlobalSection
	GlobalSection(SolutionProperties) = preSolution
		HideSolutionNode = FALSE
	EndGlobalSection
	GlobalSection(ExtensibilityGlobals) = postSolution
		SolutionGuid = {87143748-08BF-4F0D-AD91-0E9E11BE3DD7}
	EndGlobalSection
EndGlobal
