{
  "version": 4,
  "terraform_version": "1.11.4",
  "serial": 69,
  "lineage": "a6ee4c75-cb82-68b7-f30b-fd90cbd12019",
  "outputs": {
    "aks_cluster_name": {
      "value": "parkway-dev-aks",
      "type": "string"
    },
    "api_url": {
      "value": "parkway-dev-api.azurewebsites.net",
      "type": "string"
    },
    "resource_group_name": {
      "value": "parkway-dev-rg",
      "type": "string"
    },
    "sql_server_name": {
      "value": "parkway-dev-sqlserver",
      "type": "string"
    }
  },
  "resources": [
    {
      "mode": "data",
      "type": "azurerm_client_config",
      "name": "current",
      "provider": "provider[\"registry.terraform.io/hashicorp/azurerm\"]",
      "instances": [
        {
          "schema_version": 0,
          "attributes": {
            "client_id": "b88ee1b7-6b89-43b4-8e14-1d5b14bb31c9",
            "id": "Y2xpZW50Q29uZmlncy9jbGllbnRJZD1iODhlZTFiNy02Yjg5LTQzYjQtOGUxNC0xZDViMTRiYjMxYzk7b2JqZWN0SWQ9ZDkwZmEyMjUtMWVhZC00ZmQ4LTgzYTctZWU4MDQxNTNhZDE5O3N1YnNjcmlwdGlvbklkPTM5NzJiZjc1LTUzNjktNDRhZS04NTI5LWJiZTdiYjg1YjFjNjt0ZW5hbnRJZD0zOWRhNTBhNS0wMWY1LTQwZTktYmZiYi1mZDllMTJmODIzMTM=",
            "object_id": "d90fa225-1ead-4fd8-83a7-ee804153ad19",
            "subscription_id": "3972bf75-5369-44ae-8529-bbe7bb85b1c6",
            "tenant_id": "39da50a5-01f5-40e9-bfbb-fd9e12f82313",
            "timeouts": null
          },
          "sensitive_attributes": []
        }
      ]
    },
    {
      "module": "module.app",
      "mode": "managed",
      "type": "azurerm_linux_web_app",
      "name": "api",
      "provider": "provider[\"registry.terraform.io/hashicorp/azurerm\"]",
      "instances": [
        {
          "schema_version": 1,
          "attributes": {
            "app_settings": null,
            "auth_settings": [],
            "auth_settings_v2": [],
            "backup": [],
            "client_affinity_enabled": false,
            "client_certificate_enabled": false,
            "client_certificate_exclusion_paths": "",
            "client_certificate_mode": "Required",
            "connection_string": [],
            "custom_domain_verification_id": "915EC6A506B3206EFFD80518B2DC59CECFB4D58D5928167686189C22130C79AB",
            "default_hostname": "parkway-dev-api.azurewebsites.net",
            "enabled": true,
            "ftp_publish_basic_authentication_enabled": true,
            "hosting_environment_id": "",
            "https_only": false,
            "id": "/subscriptions/3972bf75-5369-44ae-8529-bbe7bb85b1c6/resourceGroups/parkway-dev-rg/providers/Microsoft.Web/sites/parkway-dev-api",
            "identity": [],
            "key_vault_reference_identity_id": "SystemAssigned",
            "kind": "app,linux",
            "location": "centralus",
            "logs": [],
            "name": "parkway-dev-api",
            "outbound_ip_address_list": [
              "20.84.176.225",
              "20.84.176.244",
              "20.84.176.248",
              "20.84.176.251",
              "20.84.177.117",
              "20.84.177.126",
              "20.40.202.21"
            ],
            "outbound_ip_addresses": "20.84.176.225,20.84.176.244,20.84.176.248,20.84.176.251,20.84.177.117,20.84.177.126,20.40.202.21",
            "possible_outbound_ip_address_list": [
              "20.84.176.225",
              "20.84.176.244",
              "20.84.176.248",
              "20.84.176.251",
              "20.84.177.117",
              "20.84.177.126",
              "20.84.177.148",
              "20.84.177.193",
              "20.84.177.197",
              "20.84.177.199",
              "20.84.177.200",
              "20.84.177.203",
              "20.84.177.222",
              "20.84.177.233",
              "20.84.177.242",
              "20.84.177.245",
              "20.84.177.246",
              "20.84.178.16",
              "20.84.251.43",
              "20.84.252.44",
              "20.84.252.100",
              "20.84.252.98",
              "20.84.253.1",
              "20.84.253.111",
              "20.40.202.21"
            ],
            "possible_outbound_ip_addresses": "20.84.176.225,20.84.176.244,20.84.176.248,20.84.176.251,20.84.177.117,20.84.177.126,20.84.177.148,20.84.177.193,20.84.177.197,20.84.177.199,20.84.177.200,20.84.177.203,20.84.177.222,20.84.177.233,20.84.177.242,20.84.177.245,20.84.177.246,20.84.178.16,20.84.251.43,20.84.252.44,20.84.252.100,20.84.252.98,20.84.253.1,20.84.253.111,20.40.202.21",
            "public_network_access_enabled": true,
            "resource_group_name": "parkway-dev-rg",
            "service_plan_id": "/subscriptions/3972bf75-5369-44ae-8529-bbe7bb85b1c6/resourceGroups/parkway-dev-rg/providers/Microsoft.Web/serverFarms/parkway-dev-plan",
            "site_config": [
              {
                "always_on": true,
                "api_definition_url": "",
                "api_management_api_id": "",
                "app_command_line": "",
                "application_stack": [
                  {
                    "docker_image_name": "",
                    "docker_registry_password": "",
                    "docker_registry_url": "",
                    "docker_registry_username": "",
                    "dotnet_version": "6.0",
                    "go_version": "",
                    "java_server": "",
                    "java_server_version": "",
                    "java_version": "",
                    "node_version": "",
                    "php_version": "",
                    "python_version": "",
                    "ruby_version": ""
                  }
                ],
                "auto_heal_setting": [],
                "container_registry_managed_identity_client_id": "",
                "container_registry_use_managed_identity": false,
                "cors": [],
                "default_documents": [
                  "Default.htm",
                  "Default.html",
                  "Default.asp",
                  "index.htm",
                  "index.html",
                  "iisstart.htm",
                  "default.aspx",
                  "index.php",
                  "hostingstart.html"
                ],
                "detailed_error_logging_enabled": false,
                "ftps_state": "Disabled",
                "health_check_eviction_time_in_min": 0,
                "health_check_path": "",
                "http2_enabled": false,
                "ip_restriction": [],
                "ip_restriction_default_action": "Allow",
                "linux_fx_version": "DOTNETCORE|6.0",
                "load_balancing_mode": "LeastRequests",
                "local_mysql_enabled": false,
                "managed_pipeline_mode": "Integrated",
                "minimum_tls_version": "1.2",
                "remote_debugging_enabled": false,
                "remote_debugging_version": "VS2022",
                "scm_ip_restriction": [],
                "scm_ip_restriction_default_action": "Allow",
                "scm_minimum_tls_version": "1.2",
                "scm_type": "None",
                "scm_use_main_ip_restriction": false,
                "use_32_bit_worker": true,
                "vnet_route_all_enabled": false,
                "websockets_enabled": false,
                "worker_count": 1
              }
            ],
            "site_credential": [
              {
                "name": "$parkway-dev-api",
                "password": "MLPZboxJMdbvix82Eu17ekYGareEdSB3W1lgDMt6HyJ8vYnPrfiBwezYvnjX"
              }
            ],
            "sticky_settings": [],
            "storage_account": [],
            "tags": null,
            "timeouts": null,
            "virtual_network_backup_restore_enabled": false,
            "virtual_network_subnet_id": "",
            "webdeploy_publish_basic_authentication_enabled": true,
            "zip_deploy_file": ""
          },
          "sensitive_attributes": [
            [
              {
                "type": "get_attr",
                "value": "site_config"
              },
              {
                "type": "index",
                "value": {
                  "value": 0,
                  "type": "number"
                }
              },
              {
                "type": "get_attr",
                "value": "application_stack"
              },
              {
                "type": "index",
                "value": {
                  "value": 0,
                  "type": "number"
                }
              },
              {
                "type": "get_attr",
                "value": "docker_registry_password"
              }
            ],
            [
              {
                "type": "get_attr",
                "value": "site_credential"
              }
            ],
            [
              {
                "type": "get_attr",
                "value": "custom_domain_verification_id"
              }
            ]
          ],
          "private": "eyJlMmJmYjczMC1lY2FhLTExZTYtOGY4OC0zNDM2M2JjN2M0YzAiOnsiY3JlYXRlIjoxODAwMDAwMDAwMDAwLCJkZWxldGUiOjE4MDAwMDAwMDAwMDAsInJlYWQiOjMwMDAwMDAwMDAwMCwidXBkYXRlIjoxODAwMDAwMDAwMDAwfSwic2NoZW1hX3ZlcnNpb24iOiIxIn0=",
          "dependencies": [
            "module.app.azurerm_service_plan.asp",
            "module.core.azurerm_resource_group.main"
          ]
        }
      ]
    },
    {
      "module": "module.app",
      "mode": "managed",
      "type": "azurerm_linux_web_app",
      "name": "frontend",
      "provider": "provider[\"registry.terraform.io/hashicorp/azurerm\"]",
      "instances": [
        {
          "status": "tainted",
          "schema_version": 1,
          "attributes": {
            "app_settings": null,
            "auth_settings": [],
            "auth_settings_v2": [],
            "backup": [],
            "client_affinity_enabled": false,
            "client_certificate_enabled": false,
            "client_certificate_exclusion_paths": null,
            "client_certificate_mode": "Required",
            "connection_string": [],
            "custom_domain_verification_id": null,
            "default_hostname": null,
            "enabled": true,
            "ftp_publish_basic_authentication_enabled": true,
            "hosting_environment_id": null,
            "https_only": false,
            "id": "/subscriptions/3972bf75-5369-44ae-8529-bbe7bb85b1c6/resourceGroups/parkway-dev-rg/providers/Microsoft.Web/sites/parkway-dev-frontend",
            "identity": [],
            "key_vault_reference_identity_id": null,
            "kind": null,
            "location": "centralus",
            "logs": [],
            "name": "parkway-dev-frontend",
            "outbound_ip_address_list": null,
            "outbound_ip_addresses": null,
            "possible_outbound_ip_address_list": null,
            "possible_outbound_ip_addresses": null,
            "public_network_access_enabled": true,
            "resource_group_name": "parkway-dev-rg",
            "service_plan_id": "/subscriptions/3972bf75-5369-44ae-8529-bbe7bb85b1c6/resourceGroups/parkway-dev-rg/providers/Microsoft.Web/serverFarms/parkway-dev-plan",
            "site_config": [
              {
                "always_on": true,
                "api_definition_url": "",
                "api_management_api_id": "",
                "app_command_line": "",
                "application_stack": [
                  {
                    "docker_image_name": "",
                    "docker_registry_password": "",
                    "docker_registry_url": "",
                    "docker_registry_username": "",
                    "dotnet_version": "",
                    "go_version": "",
                    "java_server": "",
                    "java_server_version": "",
                    "java_version": "",
                    "node_version": "18-lts",
                    "php_version": "",
                    "python_version": "",
                    "ruby_version": ""
                  }
                ],
                "auto_heal_setting": [],
                "container_registry_managed_identity_client_id": "",
                "container_registry_use_managed_identity": false,
                "cors": [],
                "default_documents": [],
                "detailed_error_logging_enabled": false,
                "ftps_state": "Disabled",
                "health_check_eviction_time_in_min": 0,
                "health_check_path": "",
                "http2_enabled": false,
                "ip_restriction": [],
                "ip_restriction_default_action": "Allow",
                "linux_fx_version": "",
                "load_balancing_mode": "LeastRequests",
                "local_mysql_enabled": false,
                "managed_pipeline_mode": "Integrated",
                "minimum_tls_version": "1.2",
                "remote_debugging_enabled": false,
                "remote_debugging_version": "",
                "scm_ip_restriction": [],
                "scm_ip_restriction_default_action": "Allow",
                "scm_minimum_tls_version": "1.2",
                "scm_type": "",
                "scm_use_main_ip_restriction": false,
                "use_32_bit_worker": true,
                "vnet_route_all_enabled": false,
                "websockets_enabled": false,
                "worker_count": 0
              }
            ],
            "site_credential": null,
            "sticky_settings": [],
            "storage_account": [],
            "tags": null,
            "timeouts": null,
            "virtual_network_backup_restore_enabled": false,
            "virtual_network_subnet_id": null,
            "webdeploy_publish_basic_authentication_enabled": true,
            "zip_deploy_file": null
          },
          "sensitive_attributes": [
            [
              {
                "type": "get_attr",
                "value": "custom_domain_verification_id"
              }
            ],
            [
              {
                "type": "get_attr",
                "value": "site_credential"
              }
            ],
            [
              {
                "type": "get_attr",
                "value": "site_config"
              },
              {
                "type": "index",
                "value": {
                  "value": 0,
                  "type": "number"
                }
              },
              {
                "type": "get_attr",
                "value": "application_stack"
              },
              {
                "type": "index",
                "value": {
                  "value": 0,
                  "type": "number"
                }
              },
              {
                "type": "get_attr",
                "value": "docker_registry_password"
              }
            ]
          ],
          "private": "eyJlMmJmYjczMC1lY2FhLTExZTYtOGY4OC0zNDM2M2JjN2M0YzAiOnsiY3JlYXRlIjoxODAwMDAwMDAwMDAwLCJkZWxldGUiOjE4MDAwMDAwMDAwMDAsInJlYWQiOjMwMDAwMDAwMDAwMCwidXBkYXRlIjoxODAwMDAwMDAwMDAwfSwic2NoZW1hX3ZlcnNpb24iOiIxIn0=",
          "dependencies": [
            "module.app.azurerm_service_plan.asp",
            "module.core.azurerm_resource_group.main"
          ]
        }
      ]
    },
    {
      "module": "module.app",
      "mode": "managed",
      "type": "azurerm_service_plan",
      "name": "asp",
      "provider": "provider[\"registry.terraform.io/hashicorp/azurerm\"]",
      "instances": [
        {
          "schema_version": 1,
          "attributes": {
            "app_service_environment_id": "",
            "id": "/subscriptions/3972bf75-5369-44ae-8529-bbe7bb85b1c6/resourceGroups/parkway-dev-rg/providers/Microsoft.Web/serverFarms/parkway-dev-plan",
            "kind": "linux",
            "location": "centralus",
            "maximum_elastic_worker_count": 1,
            "name": "parkway-dev-plan",
            "os_type": "Linux",
            "per_site_scaling_enabled": false,
            "premium_plan_auto_scale_enabled": false,
            "reserved": true,
            "resource_group_name": "parkway-dev-rg",
            "sku_name": "B1",
            "tags": null,
            "timeouts": null,
            "worker_count": 1,
            "zone_balancing_enabled": false
          },
          "sensitive_attributes": [],
          "private": "eyJlMmJmYjczMC1lY2FhLTExZTYtOGY4OC0zNDM2M2JjN2M0YzAiOnsiY3JlYXRlIjozNjAwMDAwMDAwMDAwLCJkZWxldGUiOjM2MDAwMDAwMDAwMDAsInJlYWQiOjMwMDAwMDAwMDAwMCwidXBkYXRlIjozNjAwMDAwMDAwMDAwfSwic2NoZW1hX3ZlcnNpb24iOiIxIn0=",
          "dependencies": [
            "module.core.azurerm_resource_group.main"
          ]
        }
      ]
    },
    {
      "module": "module.core",
      "mode": "managed",
      "type": "azurerm_resource_group",
      "name": "main",
      "provider": "provider[\"registry.terraform.io/hashicorp/azurerm\"]",
      "instances": [
        {
          "schema_version": 0,
          "attributes": {
            "id": "/subscriptions/3972bf75-5369-44ae-8529-bbe7bb85b1c6/resourceGroups/parkway-dev-rg",
            "location": "centralus",
            "managed_by": "",
            "name": "parkway-dev-rg",
            "tags": {},
            "timeouts": null
          },
          "sensitive_attributes": [],
          "private": "eyJlMmJmYjczMC1lY2FhLTExZTYtOGY4OC0zNDM2M2JjN2M0YzAiOnsiY3JlYXRlIjo1NDAwMDAwMDAwMDAwLCJkZWxldGUiOjU0MDAwMDAwMDAwMDAsInJlYWQiOjMwMDAwMDAwMDAwMCwidXBkYXRlIjo1NDAwMDAwMDAwMDAwfX0="
        }
      ]
    }
  ],
  "check_results": null
}
